// !$*UTF8*$!
{
	archiveVersion = 1;
	classes = {
	};
	objectVersion = 46;
	objects = {

/* Begin PBXBuildFile section */
		C5A158F21FBD897A00B3B3BA /* BRBaseView.m in Sources */ = {isa = PBXBuildFile; fileRef = C5A158F01FBD893900B3B3BA /* BRBaseView.m */; };
		C5ACE4DB1F3D58BD0069978B /* main.m in Sources */ = {isa = PBXBuildFile; fileRef = C5ACE4DA1F3D58BD0069978B /* main.m */; };
		C5ACE4DE1F3D58BD0069978B /* AppDelegate.m in Sources */ = {isa = PBXBuildFile; fileRef = C5ACE4DD1F3D58BD0069978B /* AppDelegate.m */; };
		C5ACE4E41F3D58BD0069978B /* Main.storyboard in Resources */ = {isa = PBXBuildFile; fileRef = C5ACE4E21F3D58BD0069978B /* Main.storyboard */; };
		C5ACE4E61F3D58BD0069978B /* Assets.xcassets in Resources */ = {isa = PBXBuildFile; fileRef = C5ACE4E51F3D58BD0069978B /* Assets.xcassets */; };
		C5ACE4E91F3D58BD0069978B /* LaunchScreen.storyboard in Resources */ = {isa = PBXBuildFile; fileRef = C5ACE4E71F3D58BD0069978B /* LaunchScreen.storyboard */; };
		C5ACE4FC1F3D5A8B0069978B /* BRCity.plist in Resources */ = {isa = PBXBuildFile; fileRef = C5ACE4F21F3D5A8B0069978B /* BRCity.plist */; };
		C5ACE5051F3D7C4F0069978B /* BRAddressPickerView.m in Sources */ = {isa = PBXBuildFile; fileRef = C5ACE5041F3D7C4F0069978B /* BRAddressPickerView.m */; };
		C5ACE5081F3D7D060069978B /* BRAddressModel.m in Sources */ = {isa = PBXBuildFile; fileRef = C5ACE5071F3D7D060069978B /* BRAddressModel.m */; };
		C5ACE50B1F3D7D890069978B /* BRDatePickerView.m in Sources */ = {isa = PBXBuildFile; fileRef = C5ACE50A1F3D7D890069978B /* BRDatePickerView.m */; };
		C5ACE50E1F3D7E890069978B /* BRStringPickerView.m in Sources */ = {isa = PBXBuildFile; fileRef = C5ACE50D1F3D7E890069978B /* BRStringPickerView.m */; };
		C5ACE5121F3D81360069978B /* TestViewController.m in Sources */ = {isa = PBXBuildFile; fileRef = C5ACE5111F3D81360069978B /* TestViewController.m */; };
		C5ACE5151F3D81550069978B /* BRTextField.m in Sources */ = {isa = PBXBuildFile; fileRef = C5ACE5141F3D81550069978B /* BRTextField.m */; };
		C5ACE5181F3D81AD0069978B /* NSDate+BRAdd.m in Sources */ = {isa = PBXBuildFile; fileRef = C5ACE5171F3D81AD0069978B /* NSDate+BRAdd.m */; };
		C5C287041FC9C214005DE4E7 /* MJExtensionConst.m in Sources */ = {isa = PBXBuildFile; fileRef = C5C286F11FC9C1FD005DE4E7 /* MJExtensionConst.m */; };
		C5C287051FC9C214005DE4E7 /* MJFoundation.m in Sources */ = {isa = PBXBuildFile; fileRef = C5C286F31FC9C1FD005DE4E7 /* MJFoundation.m */; };
		C5C287061FC9C214005DE4E7 /* MJProperty.m in Sources */ = {isa = PBXBuildFile; fileRef = C5C286F51FC9C1FD005DE4E7 /* MJProperty.m */; };
		C5C287071FC9C214005DE4E7 /* MJPropertyKey.m in Sources */ = {isa = PBXBuildFile; fileRef = C5C286F71FC9C1FD005DE4E7 /* MJPropertyKey.m */; };
		C5C287081FC9C214005DE4E7 /* MJPropertyType.m in Sources */ = {isa = PBXBuildFile; fileRef = C5C286F91FC9C1FD005DE4E7 /* MJPropertyType.m */; };
		C5C287091FC9C214005DE4E7 /* NSObject+MJClass.m in Sources */ = {isa = PBXBuildFile; fileRef = C5C286FB1FC9C1FD005DE4E7 /* NSObject+MJClass.m */; };
		C5C2870A1FC9C214005DE4E7 /* NSObject+MJCoding.m in Sources */ = {isa = PBXBuildFile; fileRef = C5C286FD1FC9C1FD005DE4E7 /* NSObject+MJCoding.m */; };
		C5C2870B1FC9C214005DE4E7 /* NSObject+MJKeyValue.m in Sources */ = {isa = PBXBuildFile; fileRef = C5C286FF1FC9C1FD005DE4E7 /* NSObject+MJKeyValue.m */; };
		C5C2870C1FC9C214005DE4E7 /* NSObject+MJProperty.m in Sources */ = {isa = PBXBuildFile; fileRef = C5C287011FC9C1FD005DE4E7 /* NSObject+MJProperty.m */; };
		C5C2870D1FC9C214005DE4E7 /* NSString+MJExtension.m in Sources */ = {isa = PBXBuildFile; fileRef = C5C287031FC9C1FD005DE4E7 /* NSString+MJExtension.m */; };
/* End PBXBuildFile section */

/* Begin PBXFileReference section */
		C5A158F01FBD893900B3B3BA /* BRBaseView.m */ = {isa = PBXFileReference; lastKnownFileType = sourcecode.c.objc; path = BRBaseView.m; sourceTree = "<group>"; };
		C5A158F11FBD893900B3B3BA /* BRBaseView.h */ = {isa = PBXFileReference; lastKnownFileType = sourcecode.c.h; path = BRBaseView.h; sourceTree = "<group>"; };
		C5ACE4D61F3D58BD0069978B /* BRPickerViewDemo.app */ = {isa = PBXFileReference; explicitFileType = wrapper.application; includeInIndex = 0; path = BRPickerViewDemo.app; sourceTree = BUILT_PRODUCTS_DIR; };
		C5ACE4DA1F3D58BD0069978B /* main.m */ = {isa = PBXFileReference; lastKnownFileType = sourcecode.c.objc; path = main.m; sourceTree = "<group>"; };
		C5ACE4DC1F3D58BD0069978B /* AppDelegate.h */ = {isa = PBXFileReference; lastKnownFileType = sourcecode.c.h; path = AppDelegate.h; sourceTree = "<group>"; };
		C5ACE4DD1F3D58BD0069978B /* AppDelegate.m */ = {isa = PBXFileReference; lastKnownFileType = sourcecode.c.objc; path = AppDelegate.m; sourceTree = "<group>"; };
		C5ACE4E31F3D58BD0069978B /* Base */ = {isa = PBXFileReference; lastKnownFileType = file.storyboard; name = Base; path = Base.lproj/Main.storyboard; sourceTree = "<group>"; };
		C5ACE4E51F3D58BD0069978B /* Assets.xcassets */ = {isa = PBXFileReference; lastKnownFileType = folder.assetcatalog; path = Assets.xcassets; sourceTree = "<group>"; };
		C5ACE4E81F3D58BD0069978B /* Base */ = {isa = PBXFileReference; lastKnownFileType = file.storyboard; name = Base; path = Base.lproj/LaunchScreen.storyboard; sourceTree = "<group>"; };
		C5ACE4EA1F3D58BD0069978B /* Info.plist */ = {isa = PBXFileReference; lastKnownFileType = text.plist.xml; path = Info.plist; sourceTree = "<group>"; };
		C5ACE4F21F3D5A8B0069978B /* BRCity.plist */ = {isa = PBXFileReference; fileEncoding = 4; lastKnownFileType = text.plist.xml; path = BRCity.plist; sourceTree = "<group>"; };
		C5ACE5031F3D7C4F0069978B /* BRAddressPickerView.h */ = {isa = PBXFileReference; fileEncoding = 4; lastKnownFileType = sourcecode.c.h; path = BRAddressPickerView.h; sourceTree = "<group>"; };
		C5ACE5041F3D7C4F0069978B /* BRAddressPickerView.m */ = {isa = PBXFileReference; fileEncoding = 4; lastKnownFileType = sourcecode.c.objc; path = BRAddressPickerView.m; sourceTree = "<group>"; };
		C5ACE5061F3D7D060069978B /* BRAddressModel.h */ = {isa = PBXFileReference; fileEncoding = 4; lastKnownFileType = sourcecode.c.h; path = BRAddressModel.h; sourceTree = "<group>"; };
		C5ACE5071F3D7D060069978B /* BRAddressModel.m */ = {isa = PBXFileReference; fileEncoding = 4; lastKnownFileType = sourcecode.c.objc; path = BRAddressModel.m; sourceTree = "<group>"; };
		C5ACE5091F3D7D890069978B /* BRDatePickerView.h */ = {isa = PBXFileReference; fileEncoding = 4; lastKnownFileType = sourcecode.c.h; path = BRDatePickerView.h; sourceTree = "<group>"; };
		C5ACE50A1F3D7D890069978B /* BRDatePickerView.m */ = {isa = PBXFileReference; fileEncoding = 4; lastKnownFileType = sourcecode.c.objc; path = BRDatePickerView.m; sourceTree = "<group>"; };
		C5ACE50C1F3D7E890069978B /* BRStringPickerView.h */ = {isa = PBXFileReference; fileEncoding = 4; lastKnownFileType = sourcecode.c.h; path = BRStringPickerView.h; sourceTree = "<group>"; };
		C5ACE50D1F3D7E890069978B /* BRStringPickerView.m */ = {isa = PBXFileReference; fileEncoding = 4; lastKnownFileType = sourcecode.c.objc; path = BRStringPickerView.m; sourceTree = "<group>"; };
		C5ACE5101F3D81360069978B /* TestViewController.h */ = {isa = PBXFileReference; fileEncoding = 4; lastKnownFileType = sourcecode.c.h; path = TestViewController.h; sourceTree = "<group>"; };
		C5ACE5111F3D81360069978B /* TestViewController.m */ = {isa = PBXFileReference; fileEncoding = 4; lastKnownFileType = sourcecode.c.objc; path = TestViewController.m; sourceTree = "<group>"; };
		C5ACE5131F3D81550069978B /* BRTextField.h */ = {isa = PBXFileReference; fileEncoding = 4; lastKnownFileType = sourcecode.c.h; path = BRTextField.h; sourceTree = "<group>"; };
		C5ACE5141F3D81550069978B /* BRTextField.m */ = {isa = PBXFileReference; fileEncoding = 4; lastKnownFileType = sourcecode.c.objc; path = BRTextField.m; sourceTree = "<group>"; };
		C5ACE5161F3D81AD0069978B /* NSDate+BRAdd.h */ = {isa = PBXFileReference; fileEncoding = 4; lastKnownFileType = sourcecode.c.h; path = "NSDate+BRAdd.h"; sourceTree = "<group>"; };
		C5ACE5171F3D81AD0069978B /* NSDate+BRAdd.m */ = {isa = PBXFileReference; fileEncoding = 4; lastKnownFileType = sourcecode.c.objc; path = "NSDate+BRAdd.m"; sourceTree = "<group>"; };
		C5ACE5201F3D90A90069978B /* BRPickerView.h */ = {isa = PBXFileReference; lastKnownFileType = sourcecode.c.h; path = BRPickerView.h; sourceTree = "<group>"; };
		C5C286EE1FC9C1FD005DE4E7 /* Info.plist */ = {isa = PBXFileReference; lastKnownFileType = text.plist.xml; path = Info.plist; sourceTree = "<group>"; };
		C5C286EF1FC9C1FD005DE4E7 /* MJExtension.h */ = {isa = PBXFileReference; lastKnownFileType = sourcecode.c.h; path = MJExtension.h; sourceTree = "<group>"; };
		C5C286F01FC9C1FD005DE4E7 /* MJExtensionConst.h */ = {isa = PBXFileReference; lastKnownFileType = sourcecode.c.h; path = MJExtensionConst.h; sourceTree = "<group>"; };
		C5C286F11FC9C1FD005DE4E7 /* MJExtensionConst.m */ = {isa = PBXFileReference; lastKnownFileType = sourcecode.c.objc; path = MJExtensionConst.m; sourceTree = "<group>"; };
		C5C286F21FC9C1FD005DE4E7 /* MJFoundation.h */ = {isa = PBXFileReference; lastKnownFileType = sourcecode.c.h; path = MJFoundation.h; sourceTree = "<group>"; };
		C5C286F31FC9C1FD005DE4E7 /* MJFoundation.m */ = {isa = PBXFileReference; lastKnownFileType = sourcecode.c.objc; path = MJFoundation.m; sourceTree = "<group>"; };
		C5C286F41FC9C1FD005DE4E7 /* MJProperty.h */ = {isa = PBXFileReference; lastKnownFileType = sourcecode.c.h; path = MJProperty.h; sourceTree = "<group>"; };
		C5C286F51FC9C1FD005DE4E7 /* MJProperty.m */ = {isa = PBXFileReference; lastKnownFileType = sourcecode.c.objc; path = MJProperty.m; sourceTree = "<group>"; };
		C5C286F61FC9C1FD005DE4E7 /* MJPropertyKey.h */ = {isa = PBXFileReference; lastKnownFileType = sourcecode.c.h; path = MJPropertyKey.h; sourceTree = "<group>"; };
		C5C286F71FC9C1FD005DE4E7 /* MJPropertyKey.m */ = {isa = PBXFileReference; lastKnownFileType = sourcecode.c.objc; path = MJPropertyKey.m; sourceTree = "<group>"; };
		C5C286F81FC9C1FD005DE4E7 /* MJPropertyType.h */ = {isa = PBXFileReference; lastKnownFileType = sourcecode.c.h; path = MJPropertyType.h; sourceTree = "<group>"; };
		C5C286F91FC9C1FD005DE4E7 /* MJPropertyType.m */ = {isa = PBXFileReference; lastKnownFileType = sourcecode.c.objc; path = MJPropertyType.m; sourceTree = "<group>"; };
		C5C286FA1FC9C1FD005DE4E7 /* NSObject+MJClass.h */ = {isa = PBXFileReference; lastKnownFileType = sourcecode.c.h; path = "NSObject+MJClass.h"; sourceTree = "<group>"; };
		C5C286FB1FC9C1FD005DE4E7 /* NSObject+MJClass.m */ = {isa = PBXFileReference; lastKnownFileType = sourcecode.c.objc; path = "NSObject+MJClass.m"; sourceTree = "<group>"; };
		C5C286FC1FC9C1FD005DE4E7 /* NSObject+MJCoding.h */ = {isa = PBXFileReference; lastKnownFileType = sourcecode.c.h; path = "NSObject+MJCoding.h"; sourceTree = "<group>"; };
		C5C286FD1FC9C1FD005DE4E7 /* NSObject+MJCoding.m */ = {isa = PBXFileReference; lastKnownFileType = sourcecode.c.objc; path = "NSObject+MJCoding.m"; sourceTree = "<group>"; };
		C5C286FE1FC9C1FD005DE4E7 /* NSObject+MJKeyValue.h */ = {isa = PBXFileReference; lastKnownFileType = sourcecode.c.h; path = "NSObject+MJKeyValue.h"; sourceTree = "<group>"; };
		C5C286FF1FC9C1FD005DE4E7 /* NSObject+MJKeyValue.m */ = {isa = PBXFileReference; lastKnownFileType = sourcecode.c.objc; path = "NSObject+MJKeyValue.m"; sourceTree = "<group>"; };
		C5C287001FC9C1FD005DE4E7 /* NSObject+MJProperty.h */ = {isa = PBXFileReference; lastKnownFileType = sourcecode.c.h; path = "NSObject+MJProperty.h"; sourceTree = "<group>"; };
		C5C287011FC9C1FD005DE4E7 /* NSObject+MJProperty.m */ = {isa = PBXFileReference; lastKnownFileType = sourcecode.c.objc; path = "NSObject+MJProperty.m"; sourceTree = "<group>"; };
		C5C287021FC9C1FD005DE4E7 /* NSString+MJExtension.h */ = {isa = PBXFileReference; lastKnownFileType = sourcecode.c.h; path = "NSString+MJExtension.h"; sourceTree = "<group>"; };
		C5C287031FC9C1FD005DE4E7 /* NSString+MJExtension.m */ = {isa = PBXFileReference; lastKnownFileType = sourcecode.c.objc; path = "NSString+MJExtension.m"; sourceTree = "<group>"; };
/* End PBXFileReference section */

/* Begin PBXFrameworksBuildPhase section */
		C5ACE4D31F3D58BD0069978B /* Frameworks */ = {
			isa = PBXFrameworksBuildPhase;
			buildActionMask = 2147483647;
			files = (
			);
			runOnlyForDeploymentPostprocessing = 0;
		};
/* End PBXFrameworksBuildPhase section */

/* Begin PBXGroup section */
		C5ACE4CD1F3D58BD0069978B = {
			isa = PBXGroup;
			children = (
				C5ACE4D81F3D58BD0069978B /* BRPickerViewDemo */,
				C5ACE4D71F3D58BD0069978B /* Products */,
			);
			sourceTree = "<group>";
		};
		C5ACE4D71F3D58BD0069978B /* Products */ = {
			isa = PBXGroup;
			children = (
				C5ACE4D61F3D58BD0069978B /* BRPickerViewDemo.app */,
			);
			name = Products;
			sourceTree = "<group>";
		};
		C5ACE4D81F3D58BD0069978B /* BRPickerViewDemo */ = {
			isa = PBXGroup;
			children = (
				C5ACE4F01F3D5A8B0069978B /* BRPickerView */,
				C5ACE50F1F3D80BA0069978B /* Classes */,
				C5ACE4DC1F3D58BD0069978B /* AppDelegate.h */,
				C5ACE4DD1F3D58BD0069978B /* AppDelegate.m */,
				C5ACE4D91F3D58BD0069978B /* Supporting Files */,
			);
			path = BRPickerViewDemo;
			sourceTree = "<group>";
		};
		C5ACE4D91F3D58BD0069978B /* Supporting Files */ = {
			isa = PBXGroup;
			children = (
				C5ACE4E21F3D58BD0069978B /* Main.storyboard */,
				C5ACE4E51F3D58BD0069978B /* Assets.xcassets */,
				C5ACE4E71F3D58BD0069978B /* LaunchScreen.storyboard */,
				C5ACE4EA1F3D58BD0069978B /* Info.plist */,
				C5ACE4DA1F3D58BD0069978B /* main.m */,
			);
			name = "Supporting Files";
			sourceTree = "<group>";
		};
		C5ACE4F01F3D5A8B0069978B /* BRPickerView */ = {
			isa = PBXGroup;
			children = (
				C5ACE5201F3D90A90069978B /* BRPickerView.h */,
				C5ACE51C1F3D904F0069978B /* Base */,
				C5ACE4F31F3D5A8B0069978B /* DatePickerView */,
				C5ACE4F11F3D5A8B0069978B /* AddressPickerView */,
				C5ACE4F41F3D5A8B0069978B /* StringPickerView */,
			);
			path = BRPickerView;
			sourceTree = SOURCE_ROOT;
		};
		C5ACE4F11F3D5A8B0069978B /* AddressPickerView */ = {
			isa = PBXGroup;
			children = (
				C5ACE5031F3D7C4F0069978B /* BRAddressPickerView.h */,
				C5ACE5041F3D7C4F0069978B /* BRAddressPickerView.m */,
				C5ACE5061F3D7D060069978B /* BRAddressModel.h */,
				C5ACE5071F3D7D060069978B /* BRAddressModel.m */,
				C5ACE4F21F3D5A8B0069978B /* BRCity.plist */,
			);
			path = AddressPickerView;
			sourceTree = "<group>";
		};
		C5ACE4F31F3D5A8B0069978B /* DatePickerView */ = {
			isa = PBXGroup;
			children = (
				C5ACE5091F3D7D890069978B /* BRDatePickerView.h */,
				C5ACE50A1F3D7D890069978B /* BRDatePickerView.m */,
			);
			path = DatePickerView;
			sourceTree = "<group>";
		};
		C5ACE4F41F3D5A8B0069978B /* StringPickerView */ = {
			isa = PBXGroup;
			children = (
				C5ACE50C1F3D7E890069978B /* BRStringPickerView.h */,
				C5ACE50D1F3D7E890069978B /* BRStringPickerView.m */,
			);
			path = StringPickerView;
			sourceTree = "<group>";
		};
		C5ACE4F51F3D5A8B0069978B /* Vendor */ = {
			isa = PBXGroup;
			children = (
				C5C286ED1FC9C1FD005DE4E7 /* MJExtension */,
			);
			path = Vendor;
			sourceTree = "<group>";
		};
		C5ACE50F1F3D80BA0069978B /* Classes */ = {
			isa = PBXGroup;
			children = (
				C5ACE5101F3D81360069978B /* TestViewController.h */,
				C5ACE5111F3D81360069978B /* TestViewController.m */,
				C5ACE5131F3D81550069978B /* BRTextField.h */,
				C5ACE5141F3D81550069978B /* BRTextField.m */,
				C5ACE5161F3D81AD0069978B /* NSDate+BRAdd.h */,
				C5ACE5171F3D81AD0069978B /* NSDate+BRAdd.m */,
				C5ACE4F51F3D5A8B0069978B /* Vendor */,
			);
			path = Classes;
			sourceTree = "<group>";
		};
		C5ACE51C1F3D904F0069978B /* Base */ = {
			isa = PBXGroup;
			children = (
				C5A158F11FBD893900B3B3BA /* BRBaseView.h */,
				C5A158F01FBD893900B3B3BA /* BRBaseView.m */,
			);
			path = Base;
			sourceTree = "<group>";
		};
		C5C286ED1FC9C1FD005DE4E7 /* MJExtension */ = {
			isa = PBXGroup;
			children = (
				C5C286EE1FC9C1FD005DE4E7 /* Info.plist */,
				C5C286EF1FC9C1FD005DE4E7 /* MJExtension.h */,
				C5C286F01FC9C1FD005DE4E7 /* MJExtensionConst.h */,
				C5C286F11FC9C1FD005DE4E7 /* MJExtensionConst.m */,
				C5C286F21FC9C1FD005DE4E7 /* MJFoundation.h */,
				C5C286F31FC9C1FD005DE4E7 /* MJFoundation.m */,
				C5C286F41FC9C1FD005DE4E7 /* MJProperty.h */,
				C5C286F51FC9C1FD005DE4E7 /* MJProperty.m */,
				C5C286F61FC9C1FD005DE4E7 /* MJPropertyKey.h */,
				C5C286F71FC9C1FD005DE4E7 /* MJPropertyKey.m */,
				C5C286F81FC9C1FD005DE4E7 /* MJPropertyType.h */,
				C5C286F91FC9C1FD005DE4E7 /* MJPropertyType.m */,
				C5C286FA1FC9C1FD005DE4E7 /* NSObject+MJClass.h */,
				C5C286FB1FC9C1FD005DE4E7 /* NSObject+MJClass.m */,
				C5C286FC1FC9C1FD005DE4E7 /* NSObject+MJCoding.h */,
				C5C286FD1FC9C1FD005DE4E7 /* NSObject+MJCoding.m */,
				C5C286FE1FC9C1FD005DE4E7 /* NSObject+MJKeyValue.h */,
				C5C286FF1FC9C1FD005DE4E7 /* NSObject+MJKeyValue.m */,
				C5C287001FC9C1FD005DE4E7 /* NSObject+MJProperty.h */,
				C5C287011FC9C1FD005DE4E7 /* NSObject+MJProperty.m */,
				C5C287021FC9C1FD005DE4E7 /* NSString+MJExtension.h */,
				C5C287031FC9C1FD005DE4E7 /* NSString+MJExtension.m */,
			);
			path = MJExtension;
			sourceTree = "<group>";
		};
/* End PBXGroup section */

/* Begin PBXNativeTarget section */
		C5ACE4D51F3D58BD0069978B /* BRPickerViewDemo */ = {
			isa = PBXNativeTarget;
			buildConfigurationList = C5ACE4ED1F3D58BD0069978B /* Build configuration list for PBXNativeTarget "BRPickerViewDemo" */;
			buildPhases = (
				C5ACE4D21F3D58BD0069978B /* Sources */,
				C5ACE4D31F3D58BD0069978B /* Frameworks */,
				C5ACE4D41F3D58BD0069978B /* Resources */,
			);
			buildRules = (
			);
			dependencies = (
			);
			name = BRPickerViewDemo;
			productName = BRPickerViewDemo;
			productReference = C5ACE4D61F3D58BD0069978B /* BRPickerViewDemo.app */;
			productType = "com.apple.product-type.application";
		};
/* End PBXNativeTarget section */

/* Begin PBXProject section */
		C5ACE4CE1F3D58BD0069978B /* Project object */ = {
			isa = PBXProject;
			attributes = {
				LastUpgradeCheck = 0830;
				ORGANIZATIONNAME = renb;
				TargetAttributes = {
					C5ACE4D51F3D58BD0069978B = {
						CreatedOnToolsVersion = 8.3.2;
						ProvisioningStyle = Automatic;
					};
				};
			};
			buildConfigurationList = C5ACE4D11F3D58BD0069978B /* Build configuration list for PBXProject "BRPickerViewDemo" */;
			compatibilityVersion = "Xcode 3.2";
			developmentRegion = English;
			hasScannedForEncodings = 0;
			knownRegions = (
				en,
				Base,
			);
			mainGroup = C5ACE4CD1F3D58BD0069978B;
			productRefGroup = C5ACE4D71F3D58BD0069978B /* Products */;
			projectDirPath = "";
			projectRoot = "";
			targets = (
				C5ACE4D51F3D58BD0069978B /* BRPickerViewDemo */,
			);
		};
/* End PBXProject section */

/* Begin PBXResourcesBuildPhase section */
		C5ACE4D41F3D58BD0069978B /* Resources */ = {
			isa = PBXResourcesBuildPhase;
			buildActionMask = 2147483647;
			files = (
				C5ACE4E91F3D58BD0069978B /* LaunchScreen.storyboard in Resources */,
				C5ACE4E61F3D58BD0069978B /* Assets.xcassets in Resources */,
				C5ACE4E41F3D58BD0069978B /* Main.storyboard in Resources */,
				C5ACE4FC1F3D5A8B0069978B /* BRCity.plist in Resources */,
			);
			runOnlyForDeploymentPostprocessing = 0;
		};
/* End PBXResourcesBuildPhase section */

/* Begin PBXSourcesBuildPhase section */
		C5ACE4D21F3D58BD0069978B /* Sources */ = {
			isa = PBXSourcesBuildPhase;
			buildActionMask = 2147483647;
			files = (
				C5C287041FC9C214005DE4E7 /* MJExtensionConst.m in Sources */,
				C5C287051FC9C214005DE4E7 /* MJFoundation.m in Sources */,
				C5C287061FC9C214005DE4E7 /* MJProperty.m in Sources */,
				C5C287071FC9C214005DE4E7 /* MJPropertyKey.m in Sources */,
				C5C287081FC9C214005DE4E7 /* MJPropertyType.m in Sources */,
				C5C287091FC9C214005DE4E7 /* NSObject+MJClass.m in Sources */,
				C5C2870A1FC9C214005DE4E7 /* NSObject+MJCoding.m in Sources */,
				C5C2870B1FC9C214005DE4E7 /* NSObject+MJKeyValue.m in Sources */,
				C5C2870C1FC9C214005DE4E7 /* NSObject+MJProperty.m in Sources */,
				C5C2870D1FC9C214005DE4E7 /* NSString+MJExtension.m in Sources */,
				C5A158F21FBD897A00B3B3BA /* BRBaseView.m in Sources */,
				C5ACE4DE1F3D58BD0069978B /* AppDelegate.m in Sources */,
				C5ACE4DB1F3D58BD0069978B /* main.m in Sources */,
				C5ACE50B1F3D7D890069978B /* BRDatePickerView.m in Sources */,
				C5ACE5151F3D81550069978B /* BRTextField.m in Sources */,
				C5ACE5121F3D81360069978B /* TestViewController.m in Sources */,
				C5ACE5051F3D7C4F0069978B /* BRAddressPickerView.m in Sources */,
				C5ACE5181F3D81AD0069978B /* NSDate+BRAdd.m in Sources */,
				C5ACE50E1F3D7E890069978B /* BRStringPickerView.m in Sources */,
				C5ACE5081F3D7D060069978B /* BRAddressModel.m in Sources */,
			);
			runOnlyForDeploymentPostprocessing = 0;
		};
/* End PBXSourcesBuildPhase section */

/* Begin PBXVariantGroup section */
		C5ACE4E21F3D58BD0069978B /* Main.storyboard */ = {
			isa = PBXVariantGroup;
			children = (
				C5ACE4E31F3D58BD0069978B /* Base */,
			);
			name = Main.storyboard;
			sourceTree = "<group>";
		};
		C5ACE4E71F3D58BD0069978B /* LaunchScreen.storyboard */ = {
			isa = PBXVariantGroup;
			children = (
				C5ACE4E81F3D58BD0069978B /* Base */,
			);
			name = LaunchScreen.storyboard;
			sourceTree = "<group>";
		};
/* End PBXVariantGroup section */

/* Begin XCBuildConfiguration section */
		C5ACE4EB1F3D58BD0069978B /* Debug */ = {
			isa = XCBuildConfiguration;
			buildSettings = {
				ALWAYS_SEARCH_USER_PATHS = NO;
				CLANG_ANALYZER_NONNULL = YES;
				CLANG_ANALYZER_NUMBER_OBJECT_CONVERSION = YES_AGGRESSIVE;
				CLANG_CXX_LANGUAGE_STANDARD = "gnu++0x";
				CLANG_CXX_LIBRARY = "libc++";
				CLANG_ENABLE_MODULES = YES;
				CLANG_ENABLE_OBJC_ARC = YES;
				CLANG_WARN_BOOL_CONVERSION = YES;
				CLANG_WARN_CONSTANT_CONVERSION = YES;
				CLANG_WARN_DIRECT_OBJC_ISA_USAGE = YES_ERROR;
				CLANG_WARN_DOCUMENTATION_COMMENTS = YES;
				CLANG_WARN_EMPTY_BODY = YES;
				CLANG_WARN_ENUM_CONVERSION = YES;
				CLANG_WARN_INFINITE_RECURSION = YES;
				CLANG_WARN_INT_CONVERSION = YES;
				CLANG_WARN_OBJC_ROOT_CLASS = YES_ERROR;
				CLANG_WARN_SUSPICIOUS_MOVE = YES;
				CLANG_WARN_UNREACHABLE_CODE = YES;
				CLANG_WARN__DUPLICATE_METHOD_MATCH = YES;
				"CODE_SIGN_IDENTITY[sdk=iphoneos*]" = "iPhone Developer";
				COPY_PHASE_STRIP = NO;
				DEBUG_INFORMATION_FORMAT = dwarf;
				ENABLE_STRICT_OBJC_MSGSEND = YES;
				ENABLE_TESTABILITY = YES;
				GCC_C_LANGUAGE_STANDARD = gnu99;
				GCC_DYNAMIC_NO_PIC = NO;
				GCC_NO_COMMON_BLOCKS = YES;
				GCC_OPTIMIZATION_LEVEL = 0;
				GCC_PREPROCESSOR_DEFINITIONS = (
					"DEBUG=1",
					"$(inherited)",
				);
				GCC_WARN_64_TO_32_BIT_CONVERSION = YES;
				GCC_WARN_ABOUT_RETURN_TYPE = YES_ERROR;
				GCC_WARN_UNDECLARED_SELECTOR = YES;
				GCC_WARN_UNINITIALIZED_AUTOS = YES_AGGRESSIVE;
				GCC_WARN_UNUSED_FUNCTION = YES;
				GCC_WARN_UNUSED_VARIABLE = YES;
				IPHONEOS_DEPLOYMENT_TARGET = 10.3;
				MTL_ENABLE_DEBUG_INFO = YES;
				ONLY_ACTIVE_ARCH = YES;
				SDKROOT = iphoneos;
			};
			name = Debug;
		};
		C5ACE4EC1F3D58BD0069978B /* Release */ = {
			isa = XCBuildConfiguration;
			buildSettings = {
				ALWAYS_SEARCH_USER_PATHS = NO;
				CLANG_ANALYZER_NONNULL = YES;
				CLANG_ANALYZER_NUMBER_OBJECT_CONVERSION = YES_AGGRESSIVE;
				CLANG_CXX_LANGUAGE_STANDARD = "gnu++0x";
				CLANG_CXX_LIBRARY = "libc++";
				CLANG_ENABLE_MODULES = YES;
				CLANG_ENABLE_OBJC_ARC = YES;
				CLANG_WARN_BOOL_CONVERSION = YES;
				CLANG_WARN_CONSTANT_CONVERSION = YES;
				CLANG_WARN_DIRECT_OBJC_ISA_USAGE = YES_ERROR;
				CLANG_WARN_DOCUMENTATION_COMMENTS = YES;
				CLANG_WARN_EMPTY_BODY = YES;
				CLANG_WARN_ENUM_CONVERSION = YES;
				CLANG_WARN_INFINITE_RECURSION = YES;
				CLANG_WARN_INT_CONVERSION = YES;
				CLANG_WARN_OBJC_ROOT_CLASS = YES_ERROR;
				CLANG_WARN_SUSPICIOUS_MOVE = YES;
				CLANG_WARN_UNREACHABLE_CODE = YES;
				CLANG_WARN__DUPLICATE_METHOD_MATCH = YES;
				"CODE_SIGN_IDENTITY[sdk=iphoneos*]" = "iPhone Developer";
				COPY_PHASE_STRIP = NO;
				DEBUG_INFORMATION_FORMAT = "dwarf-with-dsym";
				ENABLE_NS_ASSERTIONS = NO;
				ENABLE_STRICT_OBJC_MSGSEND = YES;
				GCC_C_LANGUAGE_STANDARD = gnu99;
				GCC_NO_COMMON_BLOCKS = YES;
				GCC_WARN_64_TO_32_BIT_CONVERSION = YES;
				GCC_WARN_ABOUT_RETURN_TYPE = YES_ERROR;
				GCC_WARN_UNDECLARED_SELECTOR = YES;
				GCC_WARN_UNINITIALIZED_AUTOS = YES_AGGRESSIVE;
				GCC_WARN_UNUSED_FUNCTION = YES;
				GCC_WARN_UNUSED_VARIABLE = YES;
				IPHONEOS_DEPLOYMENT_TARGET = 10.3;
				MTL_ENABLE_DEBUG_INFO = NO;
				SDKROOT = iphoneos;
				VALIDATE_PRODUCT = YES;
			};
			name = Release;
		};
		C5ACE4EE1F3D58BD0069978B /* Debug */ = {
			isa = XCBuildConfiguration;
			buildSettings = {
				ASSETCATALOG_COMPILER_APPICON_NAME = AppIcon;
				INFOPLIST_FILE = BRPickerViewDemo/Info.plist;
				IPHONEOS_DEPLOYMENT_TARGET = 8.0;
				LD_RUNPATH_SEARCH_PATHS = "$(inherited) @executable_path/Frameworks";
				PRODUCT_BUNDLE_IDENTIFIER = com.renb.BRPickerViewDemo;
				PRODUCT_NAME = "$(TARGET_NAME)";
			};
			name = Debug;
		};
		C5ACE4EF1F3D58BD0069978B /* Release */ = {
			isa = XCBuildConfiguration;
			buildSettings = {
				ASSETCATALOG_COMPILER_APPICON_NAME = AppIcon;
				INFOPLIST_FILE = BRPickerViewDemo/Info.plist;
				IPHONEOS_DEPLOYMENT_TARGET = 8.0;
				LD_RUNPATH_SEARCH_PATHS = "$(inherited) @executable_path/Frameworks";
				PRODUCT_BUNDLE_IDENTIFIER = com.renb.BRPickerViewDemo;
				PRODUCT_NAME = "$(TARGET_NAME)";
			};
			name = Release;
		};
/* End XCBuildConfiguration section */

/* Begin XCConfigurationList section */
		C5ACE4D11F3D58BD0069978B /* Build configuration list for PBXProject "BRPickerViewDemo" */ = {
			isa = XCConfigurationList;
			buildConfigurations = (
				C5ACE4EB1F3D58BD0069978B /* Debug */,
				C5ACE4EC1F3D58BD0069978B /* Release */,
			);
			defaultConfigurationIsVisible = 0;
			defaultConfigurationName = Release;
		};
		C5ACE4ED1F3D58BD0069978B /* Build configuration list for PBXNativeTarget "BRPickerViewDemo" */ = {
			isa = XCConfigurationList;
			buildConfigurations = (
				C5ACE4EE1F3D58BD0069978B /* Debug */,
				C5ACE4EF1F3D58BD0069978B /* Release */,
			);
			defaultConfigurationIsVisible = 0;
			defaultConfigurationName = Release;
		};
/* End XCConfigurationList section */
	};
	rootObject = C5ACE4CE1F3D58BD0069978B /* Project object */;
}
