// !$*UTF8*$!
{
	archiveVersion = 1;
	classes = {
	};
	objectVersion = 46;
	objects = {

/* Begin PBXBuildFile section */
		451D6C0E234D6AA2004E801F /* BRPickerStyle.m in Sources */ = {isa = PBXBuildFile; fileRef = 451D6C0D234D6AA2004E801F /* BRPickerStyle.m */; };
		451D6C1123509890004E801F /* BRResultModel.m in Sources */ = {isa = PBXBuildFile; fileRef = 451D6C1023509890004E801F /* BRResultModel.m */; };
		456506DE24C1AF7100A2E4EE /* linkage2_data.json in Resources */ = {isa = PBXBuildFile; fileRef = 456506DD24C1AF7100A2E4EE /* linkage2_data.json */; };
		45653925237032D90074BBBC /* BRPickerView.bundle in Resources */ = {isa = PBXBuildFile; fileRef = 45653924237032D90074BBBC /* BRPickerView.bundle */; };
		4566F7D823B377D800CD59D4 /* TestViewController.m in Sources */ = {isa = PBXBuildFile; fileRef = 4566F7D723B377D800CD59D4 /* TestViewController.m */; };
		4566F7DB23B4425700CD59D4 /* UIImage+Color.m in Sources */ = {isa = PBXBuildFile; fileRef = 4566F7DA23B4425700CD59D4 /* UIImage+Color.m */; };
		4566F7DE23B4BCE100CD59D4 /* UIColor+BRAdd.m in Sources */ = {isa = PBXBuildFile; fileRef = 4566F7DD23B4BCE100CD59D4 /* UIColor+BRAdd.m */; };
		457DA34D24D90AFB009D75F3 /* stages.json in Resources */ = {isa = PBXBuildFile; fileRef = 457DA34C24D90AFB009D75F3 /* stages.json */; };
		459A260E2369208E0048F06D /* NSBundle+BRPickerView.m in Sources */ = {isa = PBXBuildFile; fileRef = 459A260D2369208E0048F06D /* NSBundle+BRPickerView.m */; };
		45AB6DD22498C5F4004EB3D0 /* BRDatePickerView+BR.m in Sources */ = {isa = PBXBuildFile; fileRef = 45AB6DD12498C5F4004EB3D0 /* BRDatePickerView+BR.m */; };
		45AB6DD4249A1306004EB3D0 /* linkage3_data.json in Resources */ = {isa = PBXBuildFile; fileRef = 45AB6DD3249A1306004EB3D0 /* linkage3_data.json */; };
		45E81D042399387700B8878A /* testData.plist in Resources */ = {isa = PBXBuildFile; fileRef = 45E81CF62399387700B8878A /* testData.plist */; };
		45E81D072399387700B8878A /* BRInfoModel.m in Sources */ = {isa = PBXBuildFile; fileRef = 45E81CFD2399387700B8878A /* BRInfoModel.m */; };
		45E81D082399387700B8878A /* BRInfoCell.m in Sources */ = {isa = PBXBuildFile; fileRef = 45E81D002399387700B8878A /* BRInfoCell.m */; };
		45E81D1123993A0500B8878A /* BRMutableDatePickerView.m in Sources */ = {isa = PBXBuildFile; fileRef = 45E81D1023993A0500B8878A /* BRMutableDatePickerView.m */; };
		45E81D1423993AFB00B8878A /* Test2ViewController.m in Sources */ = {isa = PBXBuildFile; fileRef = 45E81D1323993AFB00B8878A /* Test2ViewController.m */; };
		45FD41D123E3DAD900DD742B /* 2020年1月县以上行政区划代码.json in Resources */ = {isa = PBXBuildFile; fileRef = 45FD41D023E3DAD900DD742B /* 2020年1月县以上行政区划代码.json */; };
		C5A158F21FBD897A00B3B3BA /* BRBaseView.m in Sources */ = {isa = PBXBuildFile; fileRef = C5A158F01FBD893900B3B3BA /* BRBaseView.m */; };
		C5ACE4DB1F3D58BD0069978B /* main.m in Sources */ = {isa = PBXBuildFile; fileRef = C5ACE4DA1F3D58BD0069978B /* main.m */; };
		C5ACE4DE1F3D58BD0069978B /* AppDelegate.m in Sources */ = {isa = PBXBuildFile; fileRef = C5ACE4DD1F3D58BD0069978B /* AppDelegate.m */; };
		C5ACE4E41F3D58BD0069978B /* Main.storyboard in Resources */ = {isa = PBXBuildFile; fileRef = C5ACE4E21F3D58BD0069978B /* Main.storyboard */; };
		C5ACE4E61F3D58BD0069978B /* Assets.xcassets in Resources */ = {isa = PBXBuildFile; fileRef = C5ACE4E51F3D58BD0069978B /* Assets.xcassets */; };
		C5ACE4E91F3D58BD0069978B /* LaunchScreen.storyboard in Resources */ = {isa = PBXBuildFile; fileRef = C5ACE4E71F3D58BD0069978B /* LaunchScreen.storyboard */; };
		C5ACE5051F3D7C4F0069978B /* BRAddressPickerView.m in Sources */ = {isa = PBXBuildFile; fileRef = C5ACE5041F3D7C4F0069978B /* BRAddressPickerView.m */; };
		C5ACE5081F3D7D060069978B /* BRAddressModel.m in Sources */ = {isa = PBXBuildFile; fileRef = C5ACE5071F3D7D060069978B /* BRAddressModel.m */; };
		C5ACE50B1F3D7D890069978B /* BRDatePickerView.m in Sources */ = {isa = PBXBuildFile; fileRef = C5ACE50A1F3D7D890069978B /* BRDatePickerView.m */; };
		C5ACE50E1F3D7E890069978B /* BRStringPickerView.m in Sources */ = {isa = PBXBuildFile; fileRef = C5ACE50D1F3D7E890069978B /* BRStringPickerView.m */; };
		C5F069BB208F0BCA00C969B9 /* NSDate+BRPickerView.m in Sources */ = {isa = PBXBuildFile; fileRef = C5F069BA208F0BCA00C969B9 /* NSDate+BRPickerView.m */; };
/* End PBXBuildFile section */

/* Begin PBXFileReference section */
		451D6C0C234D6AA2004E801F /* BRPickerStyle.h */ = {isa = PBXFileReference; lastKnownFileType = sourcecode.c.h; path = BRPickerStyle.h; sourceTree = "<group>"; };
		451D6C0D234D6AA2004E801F /* BRPickerStyle.m */ = {isa = PBXFileReference; lastKnownFileType = sourcecode.c.objc; path = BRPickerStyle.m; sourceTree = "<group>"; };
		451D6C0F23509890004E801F /* BRResultModel.h */ = {isa = PBXFileReference; lastKnownFileType = sourcecode.c.h; path = BRResultModel.h; sourceTree = "<group>"; };
		451D6C1023509890004E801F /* BRResultModel.m */ = {isa = PBXFileReference; lastKnownFileType = sourcecode.c.objc; path = BRResultModel.m; sourceTree = "<group>"; };
		456506DD24C1AF7100A2E4EE /* linkage2_data.json */ = {isa = PBXFileReference; fileEncoding = 4; lastKnownFileType = text.json; path = linkage2_data.json; sourceTree = "<group>"; };
		45653924237032D90074BBBC /* BRPickerView.bundle */ = {isa = PBXFileReference; lastKnownFileType = "wrapper.plug-in"; path = BRPickerView.bundle; sourceTree = "<group>"; };
		4566F7D623B377D700CD59D4 /* TestViewController.h */ = {isa = PBXFileReference; fileEncoding = 4; lastKnownFileType = sourcecode.c.h; path = TestViewController.h; sourceTree = "<group>"; };
		4566F7D723B377D800CD59D4 /* TestViewController.m */ = {isa = PBXFileReference; fileEncoding = 4; lastKnownFileType = sourcecode.c.objc; path = TestViewController.m; sourceTree = "<group>"; };
		4566F7D923B4425600CD59D4 /* UIImage+Color.h */ = {isa = PBXFileReference; lastKnownFileType = sourcecode.c.h; path = "UIImage+Color.h"; sourceTree = "<group>"; };
		4566F7DA23B4425700CD59D4 /* UIImage+Color.m */ = {isa = PBXFileReference; lastKnownFileType = sourcecode.c.objc; path = "UIImage+Color.m"; sourceTree = "<group>"; };
		4566F7DC23B4BCE100CD59D4 /* UIColor+BRAdd.h */ = {isa = PBXFileReference; lastKnownFileType = sourcecode.c.h; path = "UIColor+BRAdd.h"; sourceTree = "<group>"; };
		4566F7DD23B4BCE100CD59D4 /* UIColor+BRAdd.m */ = {isa = PBXFileReference; lastKnownFileType = sourcecode.c.objc; path = "UIColor+BRAdd.m"; sourceTree = "<group>"; };
		457DA34C24D90AFB009D75F3 /* stages.json */ = {isa = PBXFileReference; fileEncoding = 4; lastKnownFileType = text.json; path = stages.json; sourceTree = "<group>"; };
		459A260A2362F0280048F06D /* BRPickerViewMacro.h */ = {isa = PBXFileReference; fileEncoding = 4; lastKnownFileType = sourcecode.c.h; path = BRPickerViewMacro.h; sourceTree = "<group>"; };
		459A260C2369208E0048F06D /* NSBundle+BRPickerView.h */ = {isa = PBXFileReference; lastKnownFileType = sourcecode.c.h; path = "NSBundle+BRPickerView.h"; sourceTree = "<group>"; };
		459A260D2369208E0048F06D /* NSBundle+BRPickerView.m */ = {isa = PBXFileReference; lastKnownFileType = sourcecode.c.objc; path = "NSBundle+BRPickerView.m"; sourceTree = "<group>"; };
		45AB6DD02498C5F4004EB3D0 /* BRDatePickerView+BR.h */ = {isa = PBXFileReference; lastKnownFileType = sourcecode.c.h; path = "BRDatePickerView+BR.h"; sourceTree = "<group>"; };
		45AB6DD12498C5F4004EB3D0 /* BRDatePickerView+BR.m */ = {isa = PBXFileReference; lastKnownFileType = sourcecode.c.objc; path = "BRDatePickerView+BR.m"; sourceTree = "<group>"; };
		45AB6DD3249A1306004EB3D0 /* linkage3_data.json */ = {isa = PBXFileReference; fileEncoding = 4; lastKnownFileType = text.json; path = linkage3_data.json; sourceTree = "<group>"; };
		45E81CF62399387700B8878A /* testData.plist */ = {isa = PBXFileReference; fileEncoding = 4; lastKnownFileType = text.plist.xml; path = testData.plist; sourceTree = "<group>"; };
		45E81CFC2399387700B8878A /* BRInfoModel.h */ = {isa = PBXFileReference; fileEncoding = 4; lastKnownFileType = sourcecode.c.h; path = BRInfoModel.h; sourceTree = "<group>"; };
		45E81CFD2399387700B8878A /* BRInfoModel.m */ = {isa = PBXFileReference; fileEncoding = 4; lastKnownFileType = sourcecode.c.objc; path = BRInfoModel.m; sourceTree = "<group>"; };
		45E81CFF2399387700B8878A /* BRInfoCell.h */ = {isa = PBXFileReference; fileEncoding = 4; lastKnownFileType = sourcecode.c.h; path = BRInfoCell.h; sourceTree = "<group>"; };
		45E81D002399387700B8878A /* BRInfoCell.m */ = {isa = PBXFileReference; fileEncoding = 4; lastKnownFileType = sourcecode.c.objc; path = BRInfoCell.m; sourceTree = "<group>"; };
		45E81D0F23993A0500B8878A /* BRMutableDatePickerView.h */ = {isa = PBXFileReference; lastKnownFileType = sourcecode.c.h; path = BRMutableDatePickerView.h; sourceTree = "<group>"; };
		45E81D1023993A0500B8878A /* BRMutableDatePickerView.m */ = {isa = PBXFileReference; lastKnownFileType = sourcecode.c.objc; path = BRMutableDatePickerView.m; sourceTree = "<group>"; };
		45E81D1223993AFB00B8878A /* Test2ViewController.h */ = {isa = PBXFileReference; lastKnownFileType = sourcecode.c.h; path = Test2ViewController.h; sourceTree = "<group>"; };
		45E81D1323993AFB00B8878A /* Test2ViewController.m */ = {isa = PBXFileReference; lastKnownFileType = sourcecode.c.objc; path = Test2ViewController.m; sourceTree = "<group>"; };
		45FD41D023E3DAD900DD742B /* 2020年1月县以上行政区划代码.json */ = {isa = PBXFileReference; fileEncoding = 4; lastKnownFileType = text.json; path = "2020年1月县以上行政区划代码.json"; sourceTree = "<group>"; };
		C5A158F01FBD893900B3B3BA /* BRBaseView.m */ = {isa = PBXFileReference; lastKnownFileType = sourcecode.c.objc; path = BRBaseView.m; sourceTree = "<group>"; };
		C5A158F11FBD893900B3B3BA /* BRBaseView.h */ = {isa = PBXFileReference; lastKnownFileType = sourcecode.c.h; path = BRBaseView.h; sourceTree = "<group>"; };
		C5ACE4D61F3D58BD0069978B /* BRPickerViewDemo.app */ = {isa = PBXFileReference; explicitFileType = wrapper.application; includeInIndex = 0; path = BRPickerViewDemo.app; sourceTree = BUILT_PRODUCTS_DIR; };
		C5ACE4DA1F3D58BD0069978B /* main.m */ = {isa = PBXFileReference; lastKnownFileType = sourcecode.c.objc; path = main.m; sourceTree = "<group>"; };
		C5ACE4DC1F3D58BD0069978B /* AppDelegate.h */ = {isa = PBXFileReference; lastKnownFileType = sourcecode.c.h; path = AppDelegate.h; sourceTree = "<group>"; };
		C5ACE4DD1F3D58BD0069978B /* AppDelegate.m */ = {isa = PBXFileReference; lastKnownFileType = sourcecode.c.objc; path = AppDelegate.m; sourceTree = "<group>"; };
		C5ACE4E31F3D58BD0069978B /* Base */ = {isa = PBXFileReference; lastKnownFileType = file.storyboard; name = Base; path = Base.lproj/Main.storyboard; sourceTree = "<group>"; };
		C5ACE4E51F3D58BD0069978B /* Assets.xcassets */ = {isa = PBXFileReference; lastKnownFileType = folder.assetcatalog; path = Assets.xcassets; sourceTree = "<group>"; };
		C5ACE4E81F3D58BD0069978B /* Base */ = {isa = PBXFileReference; lastKnownFileType = file.storyboard; name = Base; path = Base.lproj/LaunchScreen.storyboard; sourceTree = "<group>"; };
		C5ACE4EA1F3D58BD0069978B /* Info.plist */ = {isa = PBXFileReference; lastKnownFileType = text.plist.xml; path = Info.plist; sourceTree = "<group>"; };
		C5ACE5031F3D7C4F0069978B /* BRAddressPickerView.h */ = {isa = PBXFileReference; fileEncoding = 4; lastKnownFileType = sourcecode.c.h; path = BRAddressPickerView.h; sourceTree = "<group>"; };
		C5ACE5041F3D7C4F0069978B /* BRAddressPickerView.m */ = {isa = PBXFileReference; fileEncoding = 4; lastKnownFileType = sourcecode.c.objc; path = BRAddressPickerView.m; sourceTree = "<group>"; };
		C5ACE5061F3D7D060069978B /* BRAddressModel.h */ = {isa = PBXFileReference; fileEncoding = 4; lastKnownFileType = sourcecode.c.h; path = BRAddressModel.h; sourceTree = "<group>"; };
		C5ACE5071F3D7D060069978B /* BRAddressModel.m */ = {isa = PBXFileReference; fileEncoding = 4; lastKnownFileType = sourcecode.c.objc; path = BRAddressModel.m; sourceTree = "<group>"; };
		C5ACE5091F3D7D890069978B /* BRDatePickerView.h */ = {isa = PBXFileReference; fileEncoding = 4; lastKnownFileType = sourcecode.c.h; path = BRDatePickerView.h; sourceTree = "<group>"; };
		C5ACE50A1F3D7D890069978B /* BRDatePickerView.m */ = {isa = PBXFileReference; fileEncoding = 4; lastKnownFileType = sourcecode.c.objc; path = BRDatePickerView.m; sourceTree = "<group>"; };
		C5ACE50C1F3D7E890069978B /* BRStringPickerView.h */ = {isa = PBXFileReference; fileEncoding = 4; lastKnownFileType = sourcecode.c.h; path = BRStringPickerView.h; sourceTree = "<group>"; };
		C5ACE50D1F3D7E890069978B /* BRStringPickerView.m */ = {isa = PBXFileReference; fileEncoding = 4; lastKnownFileType = sourcecode.c.objc; path = BRStringPickerView.m; sourceTree = "<group>"; };
		C5ACE5201F3D90A90069978B /* BRPickerView.h */ = {isa = PBXFileReference; lastKnownFileType = sourcecode.c.h; path = BRPickerView.h; sourceTree = "<group>"; };
		C5F069B9208F0BCA00C969B9 /* NSDate+BRPickerView.h */ = {isa = PBXFileReference; lastKnownFileType = sourcecode.c.h; path = "NSDate+BRPickerView.h"; sourceTree = "<group>"; };
		C5F069BA208F0BCA00C969B9 /* NSDate+BRPickerView.m */ = {isa = PBXFileReference; lastKnownFileType = sourcecode.c.objc; path = "NSDate+BRPickerView.m"; sourceTree = "<group>"; };
/* End PBXFileReference section */

/* Begin PBXFrameworksBuildPhase section */
		C5ACE4D31F3D58BD0069978B /* Frameworks */ = {
			isa = PBXFrameworksBuildPhase;
			buildActionMask = 2147483647;
			files = (
			);
			runOnlyForDeploymentPostprocessing = 0;
		};
/* End PBXFrameworksBuildPhase section */

/* Begin PBXGroup section */
		45E81CF42399387700B8878A /* Demo */ = {
			isa = PBXGroup;
			children = (
				45E81CF82399387700B8878A /* Controller */,
				45E81CFB2399387700B8878A /* Model */,
				45E81CFE2399387700B8878A /* View */,
				45FD41D023E3DAD900DD742B /* 2020年1月县以上行政区划代码.json */,
				456506DD24C1AF7100A2E4EE /* linkage2_data.json */,
				457DA34C24D90AFB009D75F3 /* stages.json */,
				45AB6DD3249A1306004EB3D0 /* linkage3_data.json */,
				45E81CF62399387700B8878A /* testData.plist */,
			);
			path = Demo;
			sourceTree = "<group>";
		};
		45E81CF82399387700B8878A /* Controller */ = {
			isa = PBXGroup;
			children = (
				4566F7D623B377D700CD59D4 /* TestViewController.h */,
				4566F7D723B377D800CD59D4 /* TestViewController.m */,
			);
			path = Controller;
			sourceTree = "<group>";
		};
		45E81CFB2399387700B8878A /* Model */ = {
			isa = PBXGroup;
			children = (
				45E81CFC2399387700B8878A /* BRInfoModel.h */,
				45E81CFD2399387700B8878A /* BRInfoModel.m */,
			);
			path = Model;
			sourceTree = "<group>";
		};
		45E81CFE2399387700B8878A /* View */ = {
			isa = PBXGroup;
			children = (
				45E81CFF2399387700B8878A /* BRInfoCell.h */,
				45E81D002399387700B8878A /* BRInfoCell.m */,
			);
			path = View;
			sourceTree = "<group>";
		};
		45E81D0D2399392700B8878A /* Other */ = {
			isa = PBXGroup;
			children = (
				45E81D0E2399392700B8878A /* BRMutableDatePickerView */,
				45E81D1223993AFB00B8878A /* Test2ViewController.h */,
				45E81D1323993AFB00B8878A /* Test2ViewController.m */,
				4566F7D923B4425600CD59D4 /* UIImage+Color.h */,
				4566F7DA23B4425700CD59D4 /* UIImage+Color.m */,
				4566F7DC23B4BCE100CD59D4 /* UIColor+BRAdd.h */,
				4566F7DD23B4BCE100CD59D4 /* UIColor+BRAdd.m */,
			);
			path = Other;
			sourceTree = "<group>";
		};
		45E81D0E2399392700B8878A /* BRMutableDatePickerView */ = {
			isa = PBXGroup;
			children = (
				45E81D0F23993A0500B8878A /* BRMutableDatePickerView.h */,
				45E81D1023993A0500B8878A /* BRMutableDatePickerView.m */,
			);
			path = BRMutableDatePickerView;
			sourceTree = "<group>";
		};
		C5ACE4CD1F3D58BD0069978B = {
			isa = PBXGroup;
			children = (
				C5ACE4D81F3D58BD0069978B /* BRPickerViewDemo */,
				C5ACE4D71F3D58BD0069978B /* Products */,
			);
			sourceTree = "<group>";
		};
		C5ACE4D71F3D58BD0069978B /* Products */ = {
			isa = PBXGroup;
			children = (
				C5ACE4D61F3D58BD0069978B /* BRPickerViewDemo.app */,
			);
			name = Products;
			sourceTree = "<group>";
		};
		C5ACE4D81F3D58BD0069978B /* BRPickerViewDemo */ = {
			isa = PBXGroup;
			children = (
				C5ACE4F01F3D5A8B0069978B /* BRPickerView */,
				C5ACE50F1F3D80BA0069978B /* Classes */,
				C5ACE4DC1F3D58BD0069978B /* AppDelegate.h */,
				C5ACE4DD1F3D58BD0069978B /* AppDelegate.m */,
				C5ACE4D91F3D58BD0069978B /* Supporting Files */,
			);
			path = BRPickerViewDemo;
			sourceTree = "<group>";
		};
		C5ACE4D91F3D58BD0069978B /* Supporting Files */ = {
			isa = PBXGroup;
			children = (
				C5ACE4E21F3D58BD0069978B /* Main.storyboard */,
				C5ACE4E51F3D58BD0069978B /* Assets.xcassets */,
				C5ACE4E71F3D58BD0069978B /* LaunchScreen.storyboard */,
				C5ACE4EA1F3D58BD0069978B /* Info.plist */,
				C5ACE4DA1F3D58BD0069978B /* main.m */,
			);
			name = "Supporting Files";
			sourceTree = "<group>";
		};
		C5ACE4F01F3D5A8B0069978B /* BRPickerView */ = {
			isa = PBXGroup;
			children = (
				C5ACE5201F3D90A90069978B /* BRPickerView.h */,
				C5ACE51C1F3D904F0069978B /* Base */,
				C5ACE4F31F3D5A8B0069978B /* DatePickerView */,
				C5ACE4F11F3D5A8B0069978B /* AddressPickerView */,
				C5ACE4F41F3D5A8B0069978B /* StringPickerView */,
			);
			path = BRPickerView;
			sourceTree = SOURCE_ROOT;
		};
		C5ACE4F11F3D5A8B0069978B /* AddressPickerView */ = {
			isa = PBXGroup;
			children = (
				C5ACE5031F3D7C4F0069978B /* BRAddressPickerView.h */,
				C5ACE5041F3D7C4F0069978B /* BRAddressPickerView.m */,
				C5ACE5061F3D7D060069978B /* BRAddressModel.h */,
				C5ACE5071F3D7D060069978B /* BRAddressModel.m */,
			);
			path = AddressPickerView;
			sourceTree = "<group>";
		};
		C5ACE4F31F3D5A8B0069978B /* DatePickerView */ = {
			isa = PBXGroup;
			children = (
				C5ACE5091F3D7D890069978B /* BRDatePickerView.h */,
				C5ACE50A1F3D7D890069978B /* BRDatePickerView.m */,
				45AB6DD02498C5F4004EB3D0 /* BRDatePickerView+BR.h */,
				45AB6DD12498C5F4004EB3D0 /* BRDatePickerView+BR.m */,
				C5F069B9208F0BCA00C969B9 /* NSDate+BRPickerView.h */,
				C5F069BA208F0BCA00C969B9 /* NSDate+BRPickerView.m */,
			);
			path = DatePickerView;
			sourceTree = "<group>";
		};
		C5ACE4F41F3D5A8B0069978B /* StringPickerView */ = {
			isa = PBXGroup;
			children = (
				C5ACE50C1F3D7E890069978B /* BRStringPickerView.h */,
				C5ACE50D1F3D7E890069978B /* BRStringPickerView.m */,
				451D6C0F23509890004E801F /* BRResultModel.h */,
				451D6C1023509890004E801F /* BRResultModel.m */,
			);
			path = StringPickerView;
			sourceTree = "<group>";
		};
		C5ACE50F1F3D80BA0069978B /* Classes */ = {
			isa = PBXGroup;
			children = (
				45E81CF42399387700B8878A /* Demo */,
				45E81D0D2399392700B8878A /* Other */,
			);
			path = Classes;
			sourceTree = "<group>";
		};
		C5ACE51C1F3D904F0069978B /* Base */ = {
			isa = PBXGroup;
			children = (
				C5A158F11FBD893900B3B3BA /* BRBaseView.h */,
				C5A158F01FBD893900B3B3BA /* BRBaseView.m */,
				451D6C0C234D6AA2004E801F /* BRPickerStyle.h */,
				451D6C0D234D6AA2004E801F /* BRPickerStyle.m */,
				459A260A2362F0280048F06D /* BRPickerViewMacro.h */,
				459A260C2369208E0048F06D /* NSBundle+BRPickerView.h */,
				459A260D2369208E0048F06D /* NSBundle+BRPickerView.m */,
				45653924237032D90074BBBC /* BRPickerView.bundle */,
			);
			path = Base;
			sourceTree = "<group>";
		};
/* End PBXGroup section */

/* Begin PBXNativeTarget section */
		C5ACE4D51F3D58BD0069978B /* BRPickerViewDemo */ = {
			isa = PBXNativeTarget;
			buildConfigurationList = C5ACE4ED1F3D58BD0069978B /* Build configuration list for PBXNativeTarget "BRPickerViewDemo" */;
			buildPhases = (
				C5ACE4D21F3D58BD0069978B /* Sources */,
				C5ACE4D31F3D58BD0069978B /* Frameworks */,
				C5ACE4D41F3D58BD0069978B /* Resources */,
			);
			buildRules = (
			);
			dependencies = (
			);
			name = BRPickerViewDemo;
			productName = BRPickerViewDemo;
			productReference = C5ACE4D61F3D58BD0069978B /* BRPickerViewDemo.app */;
			productType = "com.apple.product-type.application";
		};
/* End PBXNativeTarget section */

/* Begin PBXProject section */
		C5ACE4CE1F3D58BD0069978B /* Project object */ = {
			isa = PBXProject;
			attributes = {
				CLASSPREFIX = BR;
				LastUpgradeCheck = 1100;
				ORGANIZATIONNAME = irenb;
				TargetAttributes = {
					C5ACE4D51F3D58BD0069978B = {
						CreatedOnToolsVersion = 8.3.2;
						ProvisioningStyle = Automatic;
					};
				};
			};
			buildConfigurationList = C5ACE4D11F3D58BD0069978B /* Build configuration list for PBXProject "BRPickerViewDemo" */;
			compatibilityVersion = "Xcode 3.2";
			developmentRegion = en;
			hasScannedForEncodings = 0;
			knownRegions = (
				en,
				Base,
				"zh-Hans",
				"zh-Hant",
			);
			mainGroup = C5ACE4CD1F3D58BD0069978B;
			productRefGroup = C5ACE4D71F3D58BD0069978B /* Products */;
			projectDirPath = "";
			projectRoot = "";
			targets = (
				C5ACE4D51F3D58BD0069978B /* BRPickerViewDemo */,
			);
		};
/* End PBXProject section */

/* Begin PBXResourcesBuildPhase section */
		C5ACE4D41F3D58BD0069978B /* Resources */ = {
			isa = PBXResourcesBuildPhase;
			buildActionMask = 2147483647;
			files = (
				45E81D042399387700B8878A /* testData.plist in Resources */,
				457DA34D24D90AFB009D75F3 /* stages.json in Resources */,
				C5ACE4E91F3D58BD0069978B /* LaunchScreen.storyboard in Resources */,
				C5ACE4E61F3D58BD0069978B /* Assets.xcassets in Resources */,
				45AB6DD4249A1306004EB3D0 /* linkage3_data.json in Resources */,
				456506DE24C1AF7100A2E4EE /* linkage2_data.json in Resources */,
				45FD41D123E3DAD900DD742B /* 2020年1月县以上行政区划代码.json in Resources */,
				C5ACE4E41F3D58BD0069978B /* Main.storyboard in Resources */,
				45653925237032D90074BBBC /* BRPickerView.bundle in Resources */,
			);
			runOnlyForDeploymentPostprocessing = 0;
		};
/* End PBXResourcesBuildPhase section */

/* Begin PBXSourcesBuildPhase section */
		C5ACE4D21F3D58BD0069978B /* Sources */ = {
			isa = PBXSourcesBuildPhase;
			buildActionMask = 2147483647;
			files = (
				C5A158F21FBD897A00B3B3BA /* BRBaseView.m in Sources */,
				45E81D1423993AFB00B8878A /* Test2ViewController.m in Sources */,
				C5ACE4DE1F3D58BD0069978B /* AppDelegate.m in Sources */,
				4566F7DB23B4425700CD59D4 /* UIImage+Color.m in Sources */,
				C5ACE4DB1F3D58BD0069978B /* main.m in Sources */,
				4566F7DE23B4BCE100CD59D4 /* UIColor+BRAdd.m in Sources */,
				4566F7D823B377D800CD59D4 /* TestViewController.m in Sources */,
				C5ACE50B1F3D7D890069978B /* BRDatePickerView.m in Sources */,
				C5F069BB208F0BCA00C969B9 /* NSDate+BRPickerView.m in Sources */,
				451D6C1123509890004E801F /* BRResultModel.m in Sources */,
				459A260E2369208E0048F06D /* NSBundle+BRPickerView.m in Sources */,
				C5ACE5051F3D7C4F0069978B /* BRAddressPickerView.m in Sources */,
				451D6C0E234D6AA2004E801F /* BRPickerStyle.m in Sources */,
				45E81D1123993A0500B8878A /* BRMutableDatePickerView.m in Sources */,
				45AB6DD22498C5F4004EB3D0 /* BRDatePickerView+BR.m in Sources */,
				C5ACE50E1F3D7E890069978B /* BRStringPickerView.m in Sources */,
				45E81D082399387700B8878A /* BRInfoCell.m in Sources */,
				C5ACE5081F3D7D060069978B /* BRAddressModel.m in Sources */,
				45E81D072399387700B8878A /* BRInfoModel.m in Sources */,
			);
			runOnlyForDeploymentPostprocessing = 0;
		};
/* End PBXSourcesBuildPhase section */

/* Begin PBXVariantGroup section */
		C5ACE4E21F3D58BD0069978B /* Main.storyboard */ = {
			isa = PBXVariantGroup;
			children = (
				C5ACE4E31F3D58BD0069978B /* Base */,
			);
			name = Main.storyboard;
			sourceTree = "<group>";
		};
		C5ACE4E71F3D58BD0069978B /* LaunchScreen.storyboard */ = {
			isa = PBXVariantGroup;
			children = (
				C5ACE4E81F3D58BD0069978B /* Base */,
			);
			name = LaunchScreen.storyboard;
			sourceTree = "<group>";
		};
/* End PBXVariantGroup section */

/* Begin XCBuildConfiguration section */
		C5ACE4EB1F3D58BD0069978B /* Debug */ = {
			isa = XCBuildConfiguration;
			buildSettings = {
				ALWAYS_SEARCH_USER_PATHS = NO;
				CLANG_ANALYZER_LOCALIZABILITY_NONLOCALIZED = YES;
				CLANG_ANALYZER_NONNULL = YES;
				CLANG_ANALYZER_NUMBER_OBJECT_CONVERSION = YES_AGGRESSIVE;
				CLANG_CXX_LANGUAGE_STANDARD = "gnu++0x";
				CLANG_CXX_LIBRARY = "libc++";
				CLANG_ENABLE_MODULES = YES;
				CLANG_ENABLE_OBJC_ARC = YES;
				CLANG_WARN_BLOCK_CAPTURE_AUTORELEASING = YES;
				CLANG_WARN_BOOL_CONVERSION = YES;
				CLANG_WARN_COMMA = YES;
				CLANG_WARN_CONSTANT_CONVERSION = YES;
				CLANG_WARN_DEPRECATED_OBJC_IMPLEMENTATIONS = YES;
				CLANG_WARN_DIRECT_OBJC_ISA_USAGE = YES_ERROR;
				CLANG_WARN_DOCUMENTATION_COMMENTS = YES;
				CLANG_WARN_EMPTY_BODY = YES;
				CLANG_WARN_ENUM_CONVERSION = YES;
				CLANG_WARN_INFINITE_RECURSION = YES;
				CLANG_WARN_INT_CONVERSION = YES;
				CLANG_WARN_NON_LITERAL_NULL_CONVERSION = YES;
				CLANG_WARN_OBJC_IMPLICIT_RETAIN_SELF = YES;
				CLANG_WARN_OBJC_LITERAL_CONVERSION = YES;
				CLANG_WARN_OBJC_ROOT_CLASS = YES_ERROR;
				CLANG_WARN_RANGE_LOOP_ANALYSIS = YES;
				CLANG_WARN_STRICT_PROTOTYPES = YES;
				CLANG_WARN_SUSPICIOUS_MOVE = YES;
				CLANG_WARN_UNREACHABLE_CODE = YES;
				CLANG_WARN__DUPLICATE_METHOD_MATCH = YES;
				"CODE_SIGN_IDENTITY[sdk=iphoneos*]" = "iPhone Developer";
				COPY_PHASE_STRIP = NO;
				DEBUG_INFORMATION_FORMAT = dwarf;
				ENABLE_STRICT_OBJC_MSGSEND = YES;
				ENABLE_TESTABILITY = YES;
				GCC_C_LANGUAGE_STANDARD = gnu99;
				GCC_DYNAMIC_NO_PIC = NO;
				GCC_NO_COMMON_BLOCKS = YES;
				GCC_OPTIMIZATION_LEVEL = 0;
				GCC_PREPROCESSOR_DEFINITIONS = (
					"DEBUG=1",
					"$(inherited)",
				);
				GCC_WARN_64_TO_32_BIT_CONVERSION = YES;
				GCC_WARN_ABOUT_RETURN_TYPE = YES_ERROR;
				GCC_WARN_UNDECLARED_SELECTOR = YES;
				GCC_WARN_UNINITIALIZED_AUTOS = YES_AGGRESSIVE;
				GCC_WARN_UNUSED_FUNCTION = YES;
				GCC_WARN_UNUSED_VARIABLE = YES;
				IPHONEOS_DEPLOYMENT_TARGET = 9.0;
				MTL_ENABLE_DEBUG_INFO = YES;
				ONLY_ACTIVE_ARCH = YES;
				SDKROOT = iphoneos;
			};
			name = Debug;
		};
		C5ACE4EC1F3D58BD0069978B /* Release */ = {
			isa = XCBuildConfiguration;
			buildSettings = {
				ALWAYS_SEARCH_USER_PATHS = NO;
				CLANG_ANALYZER_LOCALIZABILITY_NONLOCALIZED = YES;
				CLANG_ANALYZER_NONNULL = YES;
				CLANG_ANALYZER_NUMBER_OBJECT_CONVERSION = YES_AGGRESSIVE;
				CLANG_CXX_LANGUAGE_STANDARD = "gnu++0x";
				CLANG_CXX_LIBRARY = "libc++";
				CLANG_ENABLE_MODULES = YES;
				CLANG_ENABLE_OBJC_ARC = YES;
				CLANG_WARN_BLOCK_CAPTURE_AUTORELEASING = YES;
				CLANG_WARN_BOOL_CONVERSION = YES;
				CLANG_WARN_COMMA = YES;
				CLANG_WARN_CONSTANT_CONVERSION = YES;
				CLANG_WARN_DEPRECATED_OBJC_IMPLEMENTATIONS = YES;
				CLANG_WARN_DIRECT_OBJC_ISA_USAGE = YES_ERROR;
				CLANG_WARN_DOCUMENTATION_COMMENTS = YES;
				CLANG_WARN_EMPTY_BODY = YES;
				CLANG_WARN_ENUM_CONVERSION = YES;
				CLANG_WARN_INFINITE_RECURSION = YES;
				CLANG_WARN_INT_CONVERSION = YES;
				CLANG_WARN_NON_LITERAL_NULL_CONVERSION = YES;
				CLANG_WARN_OBJC_IMPLICIT_RETAIN_SELF = YES;
				CLANG_WARN_OBJC_LITERAL_CONVERSION = YES;
				CLANG_WARN_OBJC_ROOT_CLASS = YES_ERROR;
				CLANG_WARN_RANGE_LOOP_ANALYSIS = YES;
				CLANG_WARN_STRICT_PROTOTYPES = YES;
				CLANG_WARN_SUSPICIOUS_MOVE = YES;
				CLANG_WARN_UNREACHABLE_CODE = YES;
				CLANG_WARN__DUPLICATE_METHOD_MATCH = YES;
				"CODE_SIGN_IDENTITY[sdk=iphoneos*]" = "iPhone Developer";
				COPY_PHASE_STRIP = NO;
				DEBUG_INFORMATION_FORMAT = "dwarf-with-dsym";
				ENABLE_NS_ASSERTIONS = NO;
				ENABLE_STRICT_OBJC_MSGSEND = YES;
				GCC_C_LANGUAGE_STANDARD = gnu99;
				GCC_NO_COMMON_BLOCKS = YES;
				GCC_WARN_64_TO_32_BIT_CONVERSION = YES;
				GCC_WARN_ABOUT_RETURN_TYPE = YES_ERROR;
				GCC_WARN_UNDECLARED_SELECTOR = YES;
				GCC_WARN_UNINITIALIZED_AUTOS = YES_AGGRESSIVE;
				GCC_WARN_UNUSED_FUNCTION = YES;
				GCC_WARN_UNUSED_VARIABLE = YES;
				IPHONEOS_DEPLOYMENT_TARGET = 9.0;
				MTL_ENABLE_DEBUG_INFO = NO;
				SDKROOT = iphoneos;
				VALIDATE_PRODUCT = YES;
			};
			name = Release;
		};
		C5ACE4EE1F3D58BD0069978B /* Debug */ = {
			isa = XCBuildConfiguration;
			buildSettings = {
				ASSETCATALOG_COMPILER_APPICON_NAME = AppIcon;
				CODE_SIGN_IDENTITY = "Apple Development";
				CODE_SIGN_STYLE = Automatic;
				DEVELOPMENT_TEAM = "";
				EXCLUDED_ARCHS = "";
				INFOPLIST_FILE = BRPickerViewDemo/Info.plist;
				IPHONEOS_DEPLOYMENT_TARGET = 8.0;
				LD_RUNPATH_SEARCH_PATHS = "$(inherited) @executable_path/Frameworks";
				PRODUCT_BUNDLE_IDENTIFIER = com.irenb.BRPickerViewDemo;
				PRODUCT_NAME = "$(TARGET_NAME)";
				PROVISIONING_PROFILE_SPECIFIER = "";
				TARGETED_DEVICE_FAMILY = "1,2";
			};
			name = Debug;
		};
		C5ACE4EF1F3D58BD0069978B /* Release */ = {
			isa = XCBuildConfiguration;
			buildSettings = {
				ASSETCATALOG_COMPILER_APPICON_NAME = AppIcon;
				CODE_SIGN_IDENTITY = "Apple Development";
				CODE_SIGN_STYLE = Automatic;
				DEVELOPMENT_TEAM = "";
				EXCLUDED_ARCHS = "";
				INFOPLIST_FILE = BRPickerViewDemo/Info.plist;
				IPHONEOS_DEPLOYMENT_TARGET = 8.0;
				LD_RUNPATH_SEARCH_PATHS = "$(inherited) @executable_path/Frameworks";
				PRODUCT_BUNDLE_IDENTIFIER = com.irenb.BRPickerViewDemo;
				PRODUCT_NAME = "$(TARGET_NAME)";
				PROVISIONING_PROFILE_SPECIFIER = "";
				TARGETED_DEVICE_FAMILY = "1,2";
			};
			name = Release;
		};
/* End XCBuildConfiguration section */

/* Begin XCConfigurationList section */
		C5ACE4D11F3D58BD0069978B /* Build configuration list for PBXProject "BRPickerViewDemo" */ = {
			isa = XCConfigurationList;
			buildConfigurations = (
				C5ACE4EB1F3D58BD0069978B /* Debug */,
				C5ACE4EC1F3D58BD0069978B /* Release */,
			);
			defaultConfigurationIsVisible = 0;
			defaultConfigurationName = Release;
		};
		C5ACE4ED1F3D58BD0069978B /* Build configuration list for PBXNativeTarget "BRPickerViewDemo" */ = {
			isa = XCConfigurationList;
			buildConfigurations = (
				C5ACE4EE1F3D58BD0069978B /* Debug */,
				C5ACE4EF1F3D58BD0069978B /* Release */,
			);
			defaultConfigurationIsVisible = 0;
			defaultConfigurationName = Release;
		};
/* End XCConfigurationList section */
	};
	rootObject = C5ACE4CE1F3D58BD0069978B /* Project object */;
}
